
Microsoft Visual Studio Solution File, Format Version 12.00
# Visual Studio 15
VisualStudioVersion = 15.0.26124.0
MinimumVisualStudioVersion = 15.0.26124.0
Project("{FAE04EC0-301F-11D3-BF4B-00C04F79EFBC}") = "Domain", "Domain\Domain.csproj", "{3E96ED10-C98C-40EE-8636-9AB0AECA69B3}"
EndProject
Project("{FAE04EC0-301F-11D3-BF4B-00C04F79EFBC}") = "Application", "Application\Application.csproj", "{3130376F-9654-43FC-AC89-0DAB0979EB36}"
EndProject
Project("{FAE04EC0-301F-11D3-BF4B-00C04F79EFBC}") = "Persistence", "Persistence\Persistence.csproj", "{1501649A-C03E-4986-BFA8-FB8800BCB740}"
EndProject
Project("{FAE04EC0-301F-11D3-BF4B-00C04F79EFBC}") = "API", "API\API.csproj", "{46C9AACB-3D7E-40B6-A465-861948D231F1}"
EndProject
Global
	GlobalSection(SolutionConfigurationPlatforms) = preSolution
		Debug|Any CPU = Debug|Any CPU
		Debug|x64 = Debug|x64
		Debug|x86 = Debug|x86
		Release|Any CPU = Release|Any CPU
		Release|x64 = Release|x64
		Release|x86 = Release|x86
	EndGlobalSection
	GlobalSection(SolutionProperties) = preSolution
		HideSolutionNode = FALSE
	EndGlobalSection
	GlobalSection(ProjectConfigurationPlatforms) = postSolution
		{3E96ED10-C98C-40EE-8636-9AB0AECA69B3}.Debug|Any CPU.ActiveCfg = Debug|Any CPU
		{3E96ED10-C98C-40EE-8636-9AB0AECA69B3}.Debug|Any CPU.Build.0 = Debug|Any CPU
		{3E96ED10-C98C-40EE-8636-9AB0AECA69B3}.Debug|x64.ActiveCfg = Debug|Any CPU
		{3E96ED10-C98C-40EE-8636-9AB0AECA69B3}.Debug|x64.Build.0 = Debug|Any CPU
		{3E96ED10-C98C-40EE-8636-9AB0AECA69B3}.Debug|x86.ActiveCfg = Debug|Any CPU
		{3E96ED10-C98C-40EE-8636-9AB0AECA69B3}.Debug|x86.Build.0 = Debug|Any CPU
		{3E96ED10-C98C-40EE-8636-9AB0AECA69B3}.Release|Any CPU.ActiveCfg = Release|Any CPU
		{3E96ED10-C98C-40EE-8636-9AB0AECA69B3}.Release|Any CPU.Build.0 = Release|Any CPU
		{3E96ED10-C98C-40EE-8636-9AB0AECA69B3}.Release|x64.ActiveCfg = Release|Any CPU
		{3E96ED10-C98C-40EE-8636-9AB0AECA69B3}.Release|x64.Build.0 = Release|Any CPU
		{3E96ED10-C98C-40EE-8636-9AB0AECA69B3}.Release|x86.ActiveCfg = Release|Any CPU
		{3E96ED10-C98C-40EE-8636-9AB0AECA69B3}.Release|x86.Build.0 = Release|Any CPU
		{3130376F-9654-43FC-AC89-0DAB0979EB36}.Debug|Any CPU.ActiveCfg = Debug|Any CPU
		{3130376F-9654-43FC-AC89-0DAB0979EB36}.Debug|Any CPU.Build.0 = Debug|Any CPU
		{3130376F-9654-43FC-AC89-0DAB0979EB36}.Debug|x64.ActiveCfg = Debug|Any CPU
		{3130376F-9654-43FC-AC89-0DAB0979EB36}.Debug|x64.Build.0 = Debug|Any CPU
		{3130376F-9654-43FC-AC89-0DAB0979EB36}.Debug|x86.ActiveCfg = Debug|Any CPU
		{3130376F-9654-43FC-AC89-0DAB0979EB36}.Debug|x86.Build.0 = Debug|Any CPU
		{3130376F-9654-43FC-AC89-0DAB0979EB36}.Release|Any CPU.ActiveCfg = Release|Any CPU
		{3130376F-9654-43FC-AC89-0DAB0979EB36}.Release|Any CPU.Build.0 = Release|Any CPU
		{3130376F-9654-43FC-AC89-0DAB0979EB36}.Release|x64.ActiveCfg = Release|Any CPU
		{3130376F-9654-43FC-AC89-0DAB0979EB36}.Release|x64.Build.0 = Release|Any CPU
		{3130376F-9654-43FC-AC89-0DAB0979EB36}.Release|x86.ActiveCfg = Release|Any CPU
		{3130376F-9654-43FC-AC89-0DAB0979EB36}.Release|x86.Build.0 = Release|Any CPU
		{1501649A-C03E-4986-BFA8-FB8800BCB740}.Debug|Any CPU.ActiveCfg = Debug|Any CPU
		{1501649A-C03E-4986-BFA8-FB8800BCB740}.Debug|Any CPU.Build.0 = Debug|Any CPU
		{1501649A-C03E-4986-BFA8-FB8800BCB740}.Debug|x64.ActiveCfg = Debug|Any CPU
		{1501649A-C03E-4986-BFA8-FB8800BCB740}.Debug|x64.Build.0 = Debug|Any CPU
		{1501649A-C03E-4986-BFA8-FB8800BCB740}.Debug|x86.ActiveCfg = Debug|Any CPU
		{1501649A-C03E-4986-BFA8-FB8800BCB740}.Debug|x86.Build.0 = Debug|Any CPU
		{1501649A-C03E-4986-BFA8-FB8800BCB740}.Release|Any CPU.ActiveCfg = Release|Any CPU
		{1501649A-C03E-4986-BFA8-FB8800BCB740}.Release|Any CPU.Build.0 = Release|Any CPU
		{1501649A-C03E-4986-BFA8-FB8800BCB740}.Release|x64.ActiveCfg = Release|Any CPU
		{1501649A-C03E-4986-BFA8-FB8800BCB740}.Release|x64.Build.0 = Release|Any CPU
		{1501649A-C03E-4986-BFA8-FB8800BCB740}.Release|x86.ActiveCfg = Release|Any CPU
		{1501649A-C03E-4986-BFA8-FB8800BCB740}.Release|x86.Build.0 = Release|Any CPU
		{46C9AACB-3D7E-40B6-A465-861948D231F1}.Debug|Any CPU.ActiveCfg = Debug|Any CPU
		{46C9AACB-3D7E-40B6-A465-861948D231F1}.Debug|Any CPU.Build.0 = Debug|Any CPU
		{46C9AACB-3D7E-40B6-A465-861948D231F1}.Debug|x64.ActiveCfg = Debug|Any CPU
		{46C9AACB-3D7E-40B6-A465-861948D231F1}.Debug|x64.Build.0 = Debug|Any CPU
		{46C9AACB-3D7E-40B6-A465-861948D231F1}.Debug|x86.ActiveCfg = Debug|Any CPU
		{46C9AACB-3D7E-40B6-A465-861948D231F1}.Debug|x86.Build.0 = Debug|Any CPU
		{46C9AACB-3D7E-40B6-A465-861948D231F1}.Release|Any CPU.ActiveCfg = Release|Any CPU
		{46C9AACB-3D7E-40B6-A465-861948D231F1}.Release|Any CPU.Build.0 = Release|Any CPU
		{46C9AACB-3D7E-40B6-A465-861948D231F1}.Release|x64.ActiveCfg = Release|Any CPU
		{46C9AACB-3D7E-40B6-A465-861948D231F1}.Release|x64.Build.0 = Release|Any CPU
		{46C9AACB-3D7E-40B6-A465-861948D231F1}.Release|x86.ActiveCfg = Release|Any CPU
		{46C9AACB-3D7E-40B6-A465-861948D231F1}.Release|x86.Build.0 = Release|Any CPU
	EndGlobalSection
EndGlobal
